
Microsoft Visual Studio Solution File, Format Version 12.00
# Visual Studio Version 17
VisualStudioVersion = 17.13.35825.156
MinimumVisualStudioVersion = 10.0.40219.1
Project("{FAE04EC0-301F-11D3-BF4B-00C04F79EFBC}") = "Client", "Client\Client.csproj", "{3D959A78-63D0-48B4-B7A0-6E45FBBE40D3}"
EndProject
Project("{FAE04EC0-301F-11D3-BF4B-00C04F79EFBC}") = "Server", "Server\Server.csproj", "{02309861-AD56-4861-A816-D67DA7EBE90A}"
EndProject
Global
	GlobalSection(SolutionConfigurationPlatforms) = preSolution
		Debug|Any CPU = Debug|Any CPU
		Release|Any CPU = Release|Any CPU
	EndGlobalSection
	GlobalSection(ProjectConfigurationPlatforms) = postSolution
		{3D959A78-63D0-48B4-B7A0-6E45FBBE40D3}.Debug|Any CPU.ActiveCfg = Debug|Any CPU
		{3D959A78-63D0-48B4-B7A0-6E45FBBE40D3}.Debug|Any CPU.Build.0 = Debug|Any CPU
		{3D959A78-63D0-48B4-B7A0-6E45FBBE40D3}.Release|Any CPU.ActiveCfg = Release|Any CPU
		{3D959A78-63D0-48B4-B7A0-6E45FBBE40D3}.Release|Any CPU.Build.0 = Release|Any CPU
		{02309861-AD56-4861-A816-D67DA7EBE90A}.Debug|Any CPU.ActiveCfg = Debug|Any CPU
		{02309861-AD56-4861-A816-D67DA7EBE90A}.Debug|Any CPU.Build.0 = Debug|Any CPU
		{02309861-AD56-4861-A816-D67DA7EBE90A}.Release|Any CPU.ActiveCfg = Release|Any CPU
		{02309861-AD56-4861-A816-D67DA7EBE90A}.Release|Any CPU.Build.0 = Release|Any CPU
	EndGlobalSection
	GlobalSection(SolutionProperties) = preSolution
		HideSolutionNode = FALSE
	EndGlobalSection
	GlobalSection(ExtensibilityGlobals) = postSolution
		SolutionGuid = {6D2E71BB-5FC0-4DF6-BF07-A2FA3F8252D7}
	EndGlobalSection
EndGlobal
