
Microsoft Visual Studio Solution File, Format Version 12.00
# Visual Studio Version 17
VisualStudioVersion = 17.13.35825.156
MinimumVisualStudioVersion = 10.0.40219.1
Project("{FAE04EC0-301F-11D3-BF4B-00C04F79EFBC}") = "08_HTTP_Download_Files", "08_HTTP_Download_Files.csproj", "{A18CCC95-876E-494F-9F83-C3D4C03AF210}"
EndProject
Global
	GlobalSection(SolutionConfigurationPlatforms) = preSolution
		Debug|Any CPU = Debug|Any CPU
		Release|Any CPU = Release|Any CPU
	EndGlobalSection
	GlobalSection(ProjectConfigurationPlatforms) = postSolution
		{A18CCC95-876E-494F-9F83-C3D4C03AF210}.Debug|Any CPU.ActiveCfg = Debug|Any CPU
		{A18CCC95-876E-494F-9F83-C3D4C03AF210}.Debug|Any CPU.Build.0 = Debug|Any CPU
		{A18CCC95-876E-494F-9F83-C3D4C03AF210}.Release|Any CPU.ActiveCfg = Release|Any CPU
		{A18CCC95-876E-494F-9F83-C3D4C03AF210}.Release|Any CPU.Build.0 = Release|Any CPU
	EndGlobalSection
	GlobalSection(SolutionProperties) = preSolution
		HideSolutionNode = FALSE
	EndGlobalSection
	GlobalSection(ExtensibilityGlobals) = postSolution
		SolutionGuid = {715ABF13-2AC6-4FB5-B20F-0C9A4CB1F740}
	EndGlobalSection
EndGlobal
